
Microsoft Visual Studio Solution File, Format Version 12.00
# Visual Studio 2012
Project("{8BC9CEB8-8B4A-11D0-8D11-00A0C91BC942}") = "Compiler alpha ost", "src\Compiler alpha.vcxproj", "{0BDA4BAE-1462-4815-B583-9334387F21BC}"
EndProject
Global
	GlobalSection(SolutionConfigurationPlatforms) = preSolution
		Debug|Win32 = Debug|Win32
		Release|Win32 = Release|Win32
	EndGlobalSection
	GlobalSection(ProjectConfigurationPlatforms) = postSolution
		{0BDA4BAE-1462-4815-B583-9334387F21BC}.Debug|Win32.ActiveCfg = Debug|Win32
		{0BDA4BAE-1462-4815-B583-9334387F21BC}.Debug|Win32.Build.0 = Debug|Win32
		{0BDA4BAE-1462-4815-B583-9334387F21BC}.Release|Win32.ActiveCfg = Release|Win32
		{0BDA4BAE-1462-4815-B583-9334387F21BC}.Release|Win32.Build.0 = Release|Win32
	EndGlobalSection
	GlobalSection(SolutionProperties) = preSolution
		HideSolutionNode = FALSE
	EndGlobalSection
EndGlobal
