
Microsoft Visual Studio Solution File, Format Version 12.00
# Visual Studio 2012
Project("{FAE04EC0-301F-11D3-BF4B-00C04F79EFBC}") = "compiler test real", "compiler test real\compiler test real.csproj", "{AAFCA020-786F-4C69-9D8A-5F8B4B2ADC77}"
EndProject
Global
	GlobalSection(SolutionConfigurationPlatforms) = preSolution
		Debug|Any CPU = Debug|Any CPU
		Release|Any CPU = Release|Any CPU
	EndGlobalSection
	GlobalSection(ProjectConfigurationPlatforms) = postSolution
		{AAFCA020-786F-4C69-9D8A-5F8B4B2ADC77}.Debug|Any CPU.ActiveCfg = Debug|Any CPU
		{AAFCA020-786F-4C69-9D8A-5F8B4B2ADC77}.Debug|Any CPU.Build.0 = Debug|Any CPU
		{AAFCA020-786F-4C69-9D8A-5F8B4B2ADC77}.Release|Any CPU.ActiveCfg = Release|Any CPU
		{AAFCA020-786F-4C69-9D8A-5F8B4B2ADC77}.Release|Any CPU.Build.0 = Release|Any CPU
	EndGlobalSection
	GlobalSection(SolutionProperties) = preSolution
		HideSolutionNode = FALSE
	EndGlobalSection
EndGlobal
